
Microsoft Visual Studio Solution File, Format Version 12.00
# Visual Studio 2013
VisualStudioVersion = 12.0.21005.1
MinimumVisualStudioVersion = 10.0.40219.1
Project("{FAE04EC0-301F-11D3-BF4B-00C04F79EFBC}") = "eLoan.BL", "eLoan.BL\eLoan.BL.csproj", "{70AB277C-0170-4692-869B-75658E8ACD9B}"
EndProject
Project("{FAE04EC0-301F-11D3-BF4B-00C04F79EFBC}") = "eLoanManager", "eLoanManager\eLoanManager.csproj", "{7B2CFF89-1BA4-4359-B77B-527B8826A116}"
EndProject
Global
	GlobalSection(SolutionConfigurationPlatforms) = preSolution
		Debug|Any CPU = Debug|Any CPU
		Release|Any CPU = Release|Any CPU
	EndGlobalSection
	GlobalSection(ProjectConfigurationPlatforms) = postSolution
		{70AB277C-0170-4692-869B-75658E8ACD9B}.Debug|Any CPU.ActiveCfg = Debug|Any CPU
		{70AB277C-0170-4692-869B-75658E8ACD9B}.Debug|Any CPU.Build.0 = Debug|Any CPU
		{70AB277C-0170-4692-869B-75658E8ACD9B}.Release|Any CPU.ActiveCfg = Release|Any CPU
		{70AB277C-0170-4692-869B-75658E8ACD9B}.Release|Any CPU.Build.0 = Release|Any CPU
		{7B2CFF89-1BA4-4359-B77B-527B8826A116}.Debug|Any CPU.ActiveCfg = Debug|Any CPU
		{7B2CFF89-1BA4-4359-B77B-527B8826A116}.Debug|Any CPU.Build.0 = Debug|Any CPU
		{7B2CFF89-1BA4-4359-B77B-527B8826A116}.Release|Any CPU.ActiveCfg = Release|Any CPU
		{7B2CFF89-1BA4-4359-B77B-527B8826A116}.Release|Any CPU.Build.0 = Release|Any CPU
	EndGlobalSection
	GlobalSection(SolutionProperties) = preSolution
		HideSolutionNode = FALSE
	EndGlobalSection
EndGlobal
